
Microsoft Visual Studio Solution File, Format Version 12.00
# Visual Studio 15
VisualStudioVersion = 15.0.27004.2009
MinimumVisualStudioVersion = 10.0.40219.1
Project("{FAE04EC0-301F-11D3-BF4B-00C04F79EFBC}") = "MovementControl", "MovementControl\MovementControl.csproj", "{9957DE3C-CA34-4776-BEFE-D0C71C341051}"
EndProject
Global
	GlobalSection(SolutionConfigurationPlatforms) = preSolution
		Debug|Any CPU = Debug|Any CPU
		Release|Any CPU = Release|Any CPU
	EndGlobalSection
	GlobalSection(ProjectConfigurationPlatforms) = postSolution
		{9957DE3C-CA34-4776-BEFE-D0C71C341051}.Debug|Any CPU.ActiveCfg = Debug|Any CPU
		{9957DE3C-CA34-4776-BEFE-D0C71C341051}.Debug|Any CPU.Build.0 = Debug|Any CPU
		{9957DE3C-CA34-4776-BEFE-D0C71C341051}.Release|Any CPU.ActiveCfg = Release|Any CPU
		{9957DE3C-CA34-4776-BEFE-D0C71C341051}.Release|Any CPU.Build.0 = Release|Any CPU
	EndGlobalSection
	GlobalSection(SolutionProperties) = preSolution
		HideSolutionNode = FALSE
	EndGlobalSection
	GlobalSection(ExtensibilityGlobals) = postSolution
		SolutionGuid = {F858DB76-7220-4324-9C1C-9B95F403402F}
	EndGlobalSection
EndGlobal
